<?xml version="1.0" encoding="utf-8"?>
<Project ToolsVersion="4.0" xmlns="http://schemas.microsoft.com/developer/msbuild/2003">
  <ItemGroup>
    <Filter Include="..">
      <UniqueIdentifier>{61705900-4DFC-870B-B6AA-880BA255880B}</UniqueIdentifier>
    </Filter>
    <Filter Include="..\..">
      <UniqueIdentifier>{CC6E590B-3883-81BC-0105-251C6DD87DED}</UniqueIdentifier>
    </Filter>
    <Filter Include="..\..\..">
      <UniqueIdentifier>{57597B35-4326-D640-6C3F-C4E8586B0BCF}</UniqueIdentifier>
    </Filter>
    <Filter Include="..\..\..\..">
      <UniqueIdentifier>{023C99B8-6EF1-11AE-F7E5-0B85639A08B2}</UniqueIdentifier>
    </Filter>
    <Filter Include="..\..\..\..\thirdparty">
      <UniqueIdentifier>{BC83F4B5-A87D-1D08-91EA-B3187D838374}</UniqueIdentifier>
    </Filter>
    <Filter Include="..\..\..\..\thirdparty\stb">
      <UniqueIdentifier>{14C0E3DF-00D0-8FB0-6989-F4CE55B87E49}</UniqueIdentifier>
    </Filter>
    <Filter Include="..\..\..\..\thirdparty\stb\stb">
      <UniqueIdentifier>{6C6849AD-588E-1314-41D4-98DF2D9938E0}</UniqueIdentifier>
    </Filter>
    <Filter Include="..\include">
      <UniqueIdentifier>{D4687DD8-C020-BF25-2928-988115FF5916}</UniqueIdentifier>
    </Filter>
    <Filter Include="..\include\Core">
      <UniqueIdentifier>{AC311D39-18BD-8AFD-21CE-0DF28DD8E6FD}</UniqueIdentifier>
    </Filter>
    <Filter Include="..\include\Core\OpenGL">
      <UniqueIdentifier>{60C1D36E-4CBB-FCC0-3528-93D121C1622D}</UniqueIdentifier>
    </Filter>
    <Filter Include="Buffers">
      <UniqueIdentifier>{92479EF4-FE26-1D90-073F-A866739D83F1}</UniqueIdentifier>
    </Filter>
    <Filter Include="Internal">
      <UniqueIdentifier>{0291F903-EE5D-540F-1777-42B703A3899D}</UniqueIdentifier>
    </Filter>
    <Filter Include="Shader">
      <UniqueIdentifier>{FC0C0CD1-E8AE-36A7-D169-4AFBBDAABDF7}</UniqueIdentifier>
    </Filter>
    <Filter Include="Texture">
      <UniqueIdentifier>{76AD313A-E28C-B0D5-EBA4-3BAC57031737}</UniqueIdentifier>
    </Filter>
    <Filter Include="View">
      <UniqueIdentifier>{40048E7C-2C3B-8F0D-D527-7510C13D0B0F}</UniqueIdentifier>
    </Filter>
  </ItemGroup>
  <ItemGroup>
    <ClInclude Include="..\..\include\Core\OpenGL\Export.hpp">
      <Filter>..\include\Core\OpenGL</Filter>
    </ClInclude>
    <ClInclude Include="..\..\include\Core\OpenGL\glWindow.hpp">
      <Filter>..\include\Core\OpenGL</Filter>
    </ClInclude>
    <ClInclude Include="Buffers\FrameBuffer.h">
      <Filter>Buffers</Filter>
    </ClInclude>
    <ClInclude Include="Buffers\IndexBuffer.h">
      <Filter>Buffers</Filter>
    </ClInclude>
    <ClInclude Include="Buffers\VertexArray.h">
      <Filter>Buffers</Filter>
    </ClInclude>
    <ClInclude Include="Buffers\VertexBuffer.h">
      <Filter>Buffers</Filter>
    </ClInclude>
    <ClInclude Include="Internal\DataComponents.h">
      <Filter>Internal</Filter>
    </ClInclude>
    <ClInclude Include="Internal\ErrorHandling.h">
      <Filter>Internal</Filter>
    </ClInclude>
    <ClInclude Include="Internal\Timestep.h">
      <Filter>Internal</Filter>
    </ClInclude>
    <ClInclude Include="Shader\Shader.h">
      <Filter>Shader</Filter>
    </ClInclude>
    <ClInclude Include="Texture\Texture.h">
      <Filter>Texture</Filter>
    </ClInclude>
    <ClInclude Include="Texture\TextureManager.h">
      <Filter>Texture</Filter>
    </ClInclude>
    <ClInclude Include="View\Viewport.h">
      <Filter>View</Filter>
    </ClInclude>
    <ClInclude Include="pch.h" />
  </ItemGroup>
  <ItemGroup>
    <ClCompile Include="..\..\..\..\..\thirdparty\stb\stb\stb_image.cpp">
      <Filter>..\..\..\..\thirdparty\stb\stb</Filter>
    </ClCompile>
    <ClCompile Include="Buffers\FrameBuffer.cpp">
      <Filter>Buffers</Filter>
    </ClCompile>
    <ClCompile Include="Buffers\IndexBuffer.cpp">
      <Filter>Buffers</Filter>
    </ClCompile>
    <ClCompile Include="Buffers\VertexArray.cpp">
      <Filter>Buffers</Filter>
    </ClCompile>
    <ClCompile Include="Buffers\VertexBuffer.cpp">
      <Filter>Buffers</Filter>
    </ClCompile>
    <ClCompile Include="Internal\DataComponents.cpp">
      <Filter>Internal</Filter>
    </ClCompile>
    <ClCompile Include="Internal\ErrorHandling.cpp">
      <Filter>Internal</Filter>
    </ClCompile>
    <ClCompile Include="Internal\Timestep.cpp">
      <Filter>Internal</Filter>
    </ClCompile>
    <ClCompile Include="Shader\Shader.cpp">
      <Filter>Shader</Filter>
    </ClCompile>
    <ClCompile Include="Texture\Texture.cpp">
      <Filter>Texture</Filter>
    </ClCompile>
    <ClCompile Include="Texture\TextureManager.cpp">
      <Filter>Texture</Filter>
    </ClCompile>
    <ClCompile Include="Vertex.cpp" />
    <ClCompile Include="View\Viewport.cpp">
      <Filter>View</Filter>
    </ClCompile>
    <ClCompile Include="glWindow.cpp" />
    <ClCompile Include="pch.cpp" />
  </ItemGroup>
</Project>