
Microsoft Visual Studio Solution File, Format Version 12.00
# Visual Studio Version 17
Project("{8BC9CEB8-8B4A-11D0-8D11-00A0C91BC942}") = "Editor", "editor\Editor.vcxproj", "{0390B2A0-EF47-F4ED-584F-CD4944268FDE}"
EndProject
Project("{2150E333-8FDC-42A3-9474-1A3956D46DE8}") = "Core-Modules", "Core-Modules", "{1BC8AF7E-07AC-70D4-700C-6B275C0F5B56}"
EndProject
Project("{8BC9CEB8-8B4A-11D0-8D11-00A0C91BC942}") = "Graphics", "engine\core\Graphics\Graphics.vcxproj", "{8DFD7D4A-7960-0DEF-22E6-45A50E28D971}"
EndProject
Project("{8BC9CEB8-8B4A-11D0-8D11-00A0C91BC942}") = "Logger", "engine\core\Logger\Logger.vcxproj", "{1C0DC9E5-08C5-0A33-71CC-E38E5DA3A523}"
EndProject
Project("{8BC9CEB8-8B4A-11D0-8D11-00A0C91BC942}") = "Utilities", "engine\core\Utilities\Utilities.vcxproj", "{F831B7B8-64F2-32EF-2D2D-7C6C99AC77CB}"
EndProject
Project("{8BC9CEB8-8B4A-11D0-8D11-00A0C91BC942}") = "glCore", "engine\core\Graphics\framework\OpenGL\glCore.vcxproj", "{98D06841-8488-AA8E-ED8F-83EAD966457F}"
EndProject
Project("{8BC9CEB8-8B4A-11D0-8D11-00A0C91BC942}") = "Engine", "engine\Engine.vcxproj", "{D24C0A03-BE04-4C50-270C-25AC13E3E640}"
EndProject
Project("{2150E333-8FDC-42A3-9474-1A3956D46DE8}") = "Third-Party", "Third-Party", "{64AB4291-D0C1-4027-1939-CC48858E11AF}"
EndProject
Project("{8BC9CEB8-8B4A-11D0-8D11-00A0C91BC942}") = "AL", "thirdparty\AL\AL.vcxproj", "{69AB0DA5-554D-387B-3E08-4CCF2A49BFCB}"
EndProject
Project("{8BC9CEB8-8B4A-11D0-8D11-00A0C91BC942}") = "GLAD", "thirdparty\glad\GLAD.vcxproj", "{5440DD78-400D-3884-6926-262C55526D12}"
EndProject
Project("{8BC9CEB8-8B4A-11D0-8D11-00A0C91BC942}") = "GLFW", "thirdparty\glfw\GLFW.vcxproj", "{0CDDDE85-F8A9-3991-21C3-27390DEF6E1F}"
EndProject
Project("{8BC9CEB8-8B4A-11D0-8D11-00A0C91BC942}") = "GLM", "thirdparty\glm\GLM.vcxproj", "{FCF40F14-68D4-8EAF-71EC-1986DD4AF510}"
EndProject
Project("{8BC9CEB8-8B4A-11D0-8D11-00A0C91BC942}") = "ImGui", "thirdparty\imgui\ImGui.vcxproj", "{37EF8E33-A359-43AA-EC97-F44F584121FF}"
EndProject
Global
	GlobalSection(SolutionConfigurationPlatforms) = preSolution
		Debug|x64 = Debug|x64
		Release|x64 = Release|x64
	EndGlobalSection
	GlobalSection(ProjectConfigurationPlatforms) = postSolution
		{0390B2A0-EF47-F4ED-584F-CD4944268FDE}.Debug|x64.ActiveCfg = Debug|x64
		{0390B2A0-EF47-F4ED-584F-CD4944268FDE}.Debug|x64.Build.0 = Debug|x64
		{0390B2A0-EF47-F4ED-584F-CD4944268FDE}.Release|x64.ActiveCfg = Release|x64
		{0390B2A0-EF47-F4ED-584F-CD4944268FDE}.Release|x64.Build.0 = Release|x64
		{8DFD7D4A-7960-0DEF-22E6-45A50E28D971}.Debug|x64.ActiveCfg = Debug|x64
		{8DFD7D4A-7960-0DEF-22E6-45A50E28D971}.Debug|x64.Build.0 = Debug|x64
		{8DFD7D4A-7960-0DEF-22E6-45A50E28D971}.Release|x64.ActiveCfg = Release|x64
		{8DFD7D4A-7960-0DEF-22E6-45A50E28D971}.Release|x64.Build.0 = Release|x64
		{1C0DC9E5-08C5-0A33-71CC-E38E5DA3A523}.Debug|x64.ActiveCfg = Debug|x64
		{1C0DC9E5-08C5-0A33-71CC-E38E5DA3A523}.Debug|x64.Build.0 = Debug|x64
		{1C0DC9E5-08C5-0A33-71CC-E38E5DA3A523}.Release|x64.ActiveCfg = Release|x64
		{1C0DC9E5-08C5-0A33-71CC-E38E5DA3A523}.Release|x64.Build.0 = Release|x64
		{F831B7B8-64F2-32EF-2D2D-7C6C99AC77CB}.Debug|x64.ActiveCfg = Debug|x64
		{F831B7B8-64F2-32EF-2D2D-7C6C99AC77CB}.Debug|x64.Build.0 = Debug|x64
		{F831B7B8-64F2-32EF-2D2D-7C6C99AC77CB}.Release|x64.ActiveCfg = Release|x64
		{F831B7B8-64F2-32EF-2D2D-7C6C99AC77CB}.Release|x64.Build.0 = Release|x64
		{98D06841-8488-AA8E-ED8F-83EAD966457F}.Debug|x64.ActiveCfg = Debug|x64
		{98D06841-8488-AA8E-ED8F-83EAD966457F}.Debug|x64.Build.0 = Debug|x64
		{98D06841-8488-AA8E-ED8F-83EAD966457F}.Release|x64.ActiveCfg = Release|x64
		{98D06841-8488-AA8E-ED8F-83EAD966457F}.Release|x64.Build.0 = Release|x64
		{D24C0A03-BE04-4C50-270C-25AC13E3E640}.Debug|x64.ActiveCfg = Debug|x64
		{D24C0A03-BE04-4C50-270C-25AC13E3E640}.Debug|x64.Build.0 = Debug|x64
		{D24C0A03-BE04-4C50-270C-25AC13E3E640}.Release|x64.ActiveCfg = Release|x64
		{D24C0A03-BE04-4C50-270C-25AC13E3E640}.Release|x64.Build.0 = Release|x64
		{69AB0DA5-554D-387B-3E08-4CCF2A49BFCB}.Debug|x64.ActiveCfg = Debug|x64
		{69AB0DA5-554D-387B-3E08-4CCF2A49BFCB}.Debug|x64.Build.0 = Debug|x64
		{69AB0DA5-554D-387B-3E08-4CCF2A49BFCB}.Release|x64.ActiveCfg = Release|x64
		{69AB0DA5-554D-387B-3E08-4CCF2A49BFCB}.Release|x64.Build.0 = Release|x64
		{5440DD78-400D-3884-6926-262C55526D12}.Debug|x64.ActiveCfg = Debug|x64
		{5440DD78-400D-3884-6926-262C55526D12}.Debug|x64.Build.0 = Debug|x64
		{5440DD78-400D-3884-6926-262C55526D12}.Release|x64.ActiveCfg = Release|x64
		{5440DD78-400D-3884-6926-262C55526D12}.Release|x64.Build.0 = Release|x64
		{0CDDDE85-F8A9-3991-21C3-27390DEF6E1F}.Debug|x64.ActiveCfg = Debug|x64
		{0CDDDE85-F8A9-3991-21C3-27390DEF6E1F}.Debug|x64.Build.0 = Debug|x64
		{0CDDDE85-F8A9-3991-21C3-27390DEF6E1F}.Release|x64.ActiveCfg = Release|x64
		{0CDDDE85-F8A9-3991-21C3-27390DEF6E1F}.Release|x64.Build.0 = Release|x64
		{FCF40F14-68D4-8EAF-71EC-1986DD4AF510}.Debug|x64.ActiveCfg = Debug|x64
		{FCF40F14-68D4-8EAF-71EC-1986DD4AF510}.Debug|x64.Build.0 = Debug|x64
		{FCF40F14-68D4-8EAF-71EC-1986DD4AF510}.Release|x64.ActiveCfg = Release|x64
		{FCF40F14-68D4-8EAF-71EC-1986DD4AF510}.Release|x64.Build.0 = Release|x64
		{37EF8E33-A359-43AA-EC97-F44F584121FF}.Debug|x64.ActiveCfg = Debug|x64
		{37EF8E33-A359-43AA-EC97-F44F584121FF}.Debug|x64.Build.0 = Debug|x64
		{37EF8E33-A359-43AA-EC97-F44F584121FF}.Release|x64.ActiveCfg = Release|x64
		{37EF8E33-A359-43AA-EC97-F44F584121FF}.Release|x64.Build.0 = Release|x64
	EndGlobalSection
	GlobalSection(SolutionProperties) = preSolution
		HideSolutionNode = FALSE
	EndGlobalSection
	GlobalSection(NestedProjects) = preSolution
		{8DFD7D4A-7960-0DEF-22E6-45A50E28D971} = {1BC8AF7E-07AC-70D4-700C-6B275C0F5B56}
		{1C0DC9E5-08C5-0A33-71CC-E38E5DA3A523} = {1BC8AF7E-07AC-70D4-700C-6B275C0F5B56}
		{F831B7B8-64F2-32EF-2D2D-7C6C99AC77CB} = {1BC8AF7E-07AC-70D4-700C-6B275C0F5B56}
		{98D06841-8488-AA8E-ED8F-83EAD966457F} = {1BC8AF7E-07AC-70D4-700C-6B275C0F5B56}
		{69AB0DA5-554D-387B-3E08-4CCF2A49BFCB} = {64AB4291-D0C1-4027-1939-CC48858E11AF}
		{5440DD78-400D-3884-6926-262C55526D12} = {64AB4291-D0C1-4027-1939-CC48858E11AF}
		{0CDDDE85-F8A9-3991-21C3-27390DEF6E1F} = {64AB4291-D0C1-4027-1939-CC48858E11AF}
		{FCF40F14-68D4-8EAF-71EC-1986DD4AF510} = {64AB4291-D0C1-4027-1939-CC48858E11AF}
		{37EF8E33-A359-43AA-EC97-F44F584121FF} = {64AB4291-D0C1-4027-1939-CC48858E11AF}
	EndGlobalSection
EndGlobal
