<?xml version="1.0" encoding="utf-8"?>
<Project ToolsVersion="4.0" xmlns="http://schemas.microsoft.com/developer/msbuild/2003">
  <ItemGroup>
    <Filter Include="include">
      <UniqueIdentifier>{89AF369E-F58E-B539-FEA6-40106A051C9B}</UniqueIdentifier>
    </Filter>
    <Filter Include="include\Radiant">
      <UniqueIdentifier>{1BEADCCD-8775-4A92-9086-CD86FC90A692}</UniqueIdentifier>
    </Filter>
    <Filter Include="src">
      <UniqueIdentifier>{2DAB880B-99B4-887C-2230-9F7C8E38947C}</UniqueIdentifier>
    </Filter>
  </ItemGroup>
  <ItemGroup>
    <ClInclude Include="include\Radiant\Utils.h">
      <Filter>include\Radiant</Filter>
    </ClInclude>
    <ClInclude Include="include\utils_api.h">
      <Filter>include</Filter>
    </ClInclude>
    <ClInclude Include="src\Color.h">
      <Filter>src</Filter>
    </ClInclude>
    <ClInclude Include="src\ConfigReader.h">
      <Filter>src</Filter>
    </ClInclude>
    <ClInclude Include="src\MathTypes.h">
      <Filter>src</Filter>
    </ClInclude>
    <ClInclude Include="src\Timestep.h">
      <Filter>src</Filter>
    </ClInclude>
    <ClInclude Include="src\UniqueID.h">
      <Filter>src</Filter>
    </ClInclude>
    <ClInclude Include="src\UtilFuncs.h">
      <Filter>src</Filter>
    </ClInclude>
    <ClInclude Include="src\WindowConfig.h">
      <Filter>src</Filter>
    </ClInclude>
    <ClInclude Include="src\pch.h">
      <Filter>src</Filter>
    </ClInclude>
    <ClInclude Include="src\rdt_array.h">
      <Filter>src</Filter>
    </ClInclude>
  </ItemGroup>
  <ItemGroup>
    <ClCompile Include="src\Color.cpp">
      <Filter>src</Filter>
    </ClCompile>
    <ClCompile Include="src\ConfigReader.cpp">
      <Filter>src</Filter>
    </ClCompile>
    <ClCompile Include="src\MathTypes.cpp">
      <Filter>src</Filter>
    </ClCompile>
    <ClCompile Include="src\Timestep.cpp">
      <Filter>src</Filter>
    </ClCompile>
    <ClCompile Include="src\UniqueID.cpp">
      <Filter>src</Filter>
    </ClCompile>
    <ClCompile Include="src\UtilFuncs.cpp">
      <Filter>src</Filter>
    </ClCompile>
    <ClCompile Include="src\WindowConfig.cpp">
      <Filter>src</Filter>
    </ClCompile>
    <ClCompile Include="src\pch.cpp">
      <Filter>src</Filter>
    </ClCompile>
    <ClCompile Include="src\rdt_array.cpp">
      <Filter>src</Filter>
    </ClCompile>
  </ItemGroup>
</Project>