<?xml version="1.0" encoding="utf-8"?>
<Project ToolsVersion="4.0" xmlns="http://schemas.microsoft.com/developer/msbuild/2003">
  <ItemGroup>
    <Filter Include="include">
      <UniqueIdentifier>{89AF369E-F58E-B539-FEA6-40106A051C9B}</UniqueIdentifier>
    </Filter>
    <Filter Include="include\Radiant">
      <UniqueIdentifier>{1BEADCCD-8775-4A92-9086-CD86FC90A692}</UniqueIdentifier>
    </Filter>
    <Filter Include="include\Radiant\ECS">
      <UniqueIdentifier>{E57345E8-51D5-22F6-DA42-69A846A359B5}</UniqueIdentifier>
    </Filter>
  </ItemGroup>
  <ItemGroup>
    <ClInclude Include="..\..\include\Radiant\ECS\CommonComponents.hpp">
      <Filter>include\Radiant\ECS</Filter>
    </ClInclude>
    <ClInclude Include="..\..\include\Radiant\ECS\Component.hpp">
      <Filter>include\Radiant\ECS</Filter>
    </ClInclude>
    <ClInclude Include="..\..\include\Radiant\ECS\ECSManager.hpp">
      <Filter>include\Radiant\ECS</Filter>
    </ClInclude>
    <ClInclude Include="..\..\include\Radiant\ECS\ECSTypes.hpp">
      <Filter>include\Radiant\ECS</Filter>
    </ClInclude>
    <ClInclude Include="..\..\include\Radiant\ECS\Entity.hpp">
      <Filter>include\Radiant\ECS</Filter>
    </ClInclude>
    <ClInclude Include="..\..\include\Radiant\ECS\EntityFactory.hpp">
      <Filter>include\Radiant\ECS</Filter>
    </ClInclude>
    <ClInclude Include="..\..\include\Radiant\ECS\Export.hpp">
      <Filter>include\Radiant\ECS</Filter>
    </ClInclude>
    <ClInclude Include="..\..\include\Radiant\ECS\Reflection.hpp">
      <Filter>include\Radiant\ECS</Filter>
    </ClInclude>
    <ClInclude Include="..\..\include\Radiant\ECS\System.hpp">
      <Filter>include\Radiant\ECS</Filter>
    </ClInclude>
    <ClInclude Include="ComponentManager.h" />
    <ClInclude Include="EntityManager.h" />
    <ClInclude Include="SystemManager.h" />
    <ClInclude Include="pch.h" />
  </ItemGroup>
  <ItemGroup>
    <ClCompile Include="CommonComponents.cpp" />
    <ClCompile Include="ComponentManager.cpp" />
    <ClCompile Include="ECSManager.cpp" />
    <ClCompile Include="Entity.cpp" />
    <ClCompile Include="EntityManager.cpp" />
    <ClCompile Include="SystemManager.cpp" />
    <ClCompile Include="pch.cpp" />
  </ItemGroup>
</Project>