<?xml version="1.0" encoding="utf-8"?>
<Project ToolsVersion="4.0" xmlns="http://schemas.microsoft.com/developer/msbuild/2003">
  <ItemGroup>
    <Filter Include="include">
      <UniqueIdentifier>{89AF369E-F58E-B539-FEA6-40106A051C9B}</UniqueIdentifier>
    </Filter>
    <Filter Include="include\Radiant">
      <UniqueIdentifier>{1BEADCCD-8775-4A92-9086-CD86FC90A692}</UniqueIdentifier>
    </Filter>
    <Filter Include="include\Radiant\Window">
      <UniqueIdentifier>{A22A6F2A-8E24-987C-7791-2E8D632AFEE8}</UniqueIdentifier>
    </Filter>
  </ItemGroup>
  <ItemGroup>
    <ClInclude Include="..\..\include\Radiant\Window\AspectRatio.hpp">
      <Filter>include\Radiant\Window</Filter>
    </ClInclude>
    <ClInclude Include="..\..\include\Radiant\Window\Export.hpp">
      <Filter>include\Radiant\Window</Filter>
    </ClInclude>
    <ClInclude Include="..\..\include\Radiant\Window\Keyboard.hpp">
      <Filter>include\Radiant\Window</Filter>
    </ClInclude>
    <ClInclude Include="..\..\include\Radiant\Window\Mouse.hpp">
      <Filter>include\Radiant\Window</Filter>
    </ClInclude>
    <ClInclude Include="..\..\include\Radiant\Window\Timestep.hpp">
      <Filter>include\Radiant\Window</Filter>
    </ClInclude>
    <ClInclude Include="..\..\include\Radiant\Window\UtilFuncs.hpp">
      <Filter>include\Radiant\Window</Filter>
    </ClInclude>
    <ClInclude Include="..\..\include\Radiant\Window\Window.hpp">
      <Filter>include\Radiant\Window</Filter>
    </ClInclude>
    <ClInclude Include="..\..\include\Radiant\Window\WindowConfig.hpp">
      <Filter>include\Radiant\Window</Filter>
    </ClInclude>
    <ClInclude Include="pch.h" />
  </ItemGroup>
  <ItemGroup>
    <ClCompile Include="Window.cpp" />
    <ClCompile Include="WindowConfig.cpp" />
    <ClCompile Include="pch.cpp" />
  </ItemGroup>
</Project>